{
  "name": "sakimori-smoke-fixture",
  "version": "0.0.0",
  "lockfileVersion": 3,
  "requires": true,
  "packages": {
    "": {
      "name": "sakimori-smoke-fixture",
      "version": "0.0.0"
    },
    "node_modules/lodash": {
      "version": "4.17.21",
      "resolved": "https://registry.npmjs.org/lodash/-/lodash-4.17.21.tgz",
      "integrity": "placeholder-not-checked-by-tool"
    }
  }
}
